
Microsoft Visual Studio Solution File, Format Version 12.00
# Visual Studio 15
Project("{FAE04EC0-301F-11D3-BF4B-00C04F79EFBC}") = "PlayWithPanCakeView.Android", "PlayWithPanCakeView.Android\PlayWithPanCakeView.Android.csproj", "{7A9E647B-35DD-4CB4-9BDC-AB35217A0540}"
EndProject
Project("{FAE04EC0-301F-11D3-BF4B-00C04F79EFBC}") = "PlayWithPanCakeView.iOS", "PlayWithPanCakeView.iOS\PlayWithPanCakeView.iOS.csproj", "{754A17A2-16C7-4003-BB44-680D17A6DA67}"
EndProject
Project("{FAE04EC0-301F-11D3-BF4B-00C04F79EFBC}") = "PlayWithPanCakeView", "PlayWithPanCakeView\PlayWithPanCakeView.csproj", "{96775505-9AA7-4F54-8E42-04066395A36C}"
EndProject
Global
	GlobalSection(SolutionConfigurationPlatforms) = preSolution
		Debug|Any CPU = Debug|Any CPU
		Release|Any CPU = Release|Any CPU
		Debug|iPhoneSimulator = Debug|iPhoneSimulator
		Release|iPhoneSimulator = Release|iPhoneSimulator
		Debug|iPhone = Debug|iPhone
		Release|iPhone = Release|iPhone
	EndGlobalSection
	GlobalSection(ProjectConfigurationPlatforms) = postSolution
		{7A9E647B-35DD-4CB4-9BDC-AB35217A0540}.Debug|Any CPU.ActiveCfg = Debug|Any CPU
		{7A9E647B-35DD-4CB4-9BDC-AB35217A0540}.Debug|Any CPU.Build.0 = Debug|Any CPU
		{7A9E647B-35DD-4CB4-9BDC-AB35217A0540}.Release|Any CPU.ActiveCfg = Release|Any CPU
		{7A9E647B-35DD-4CB4-9BDC-AB35217A0540}.Release|Any CPU.Build.0 = Release|Any CPU
		{7A9E647B-35DD-4CB4-9BDC-AB35217A0540}.Debug|iPhoneSimulator.ActiveCfg = Debug|Any CPU
		{7A9E647B-35DD-4CB4-9BDC-AB35217A0540}.Debug|iPhoneSimulator.Build.0 = Debug|Any CPU
		{7A9E647B-35DD-4CB4-9BDC-AB35217A0540}.Release|iPhoneSimulator.ActiveCfg = Release|Any CPU
		{7A9E647B-35DD-4CB4-9BDC-AB35217A0540}.Release|iPhoneSimulator.Build.0 = Release|Any CPU
		{7A9E647B-35DD-4CB4-9BDC-AB35217A0540}.Debug|iPhone.ActiveCfg = Debug|Any CPU
		{7A9E647B-35DD-4CB4-9BDC-AB35217A0540}.Debug|iPhone.Build.0 = Debug|Any CPU
		{7A9E647B-35DD-4CB4-9BDC-AB35217A0540}.Release|iPhone.ActiveCfg = Release|Any CPU
		{7A9E647B-35DD-4CB4-9BDC-AB35217A0540}.Release|iPhone.Build.0 = Release|Any CPU
		{754A17A2-16C7-4003-BB44-680D17A6DA67}.Debug|Any CPU.ActiveCfg = Debug|iPhoneSimulator
		{754A17A2-16C7-4003-BB44-680D17A6DA67}.Debug|Any CPU.Build.0 = Debug|iPhoneSimulator
		{754A17A2-16C7-4003-BB44-680D17A6DA67}.Release|Any CPU.ActiveCfg = Release|iPhoneSimulator
		{754A17A2-16C7-4003-BB44-680D17A6DA67}.Release|Any CPU.Build.0 = Release|iPhoneSimulator
		{754A17A2-16C7-4003-BB44-680D17A6DA67}.Debug|iPhoneSimulator.ActiveCfg = Debug|iPhoneSimulator
		{754A17A2-16C7-4003-BB44-680D17A6DA67}.Debug|iPhoneSimulator.Build.0 = Debug|iPhoneSimulator
		{754A17A2-16C7-4003-BB44-680D17A6DA67}.Release|iPhoneSimulator.ActiveCfg = Release|iPhoneSimulator
		{754A17A2-16C7-4003-BB44-680D17A6DA67}.Release|iPhoneSimulator.Build.0 = Release|iPhoneSimulator
		{754A17A2-16C7-4003-BB44-680D17A6DA67}.Debug|iPhone.ActiveCfg = Debug|iPhone
		{754A17A2-16C7-4003-BB44-680D17A6DA67}.Debug|iPhone.Build.0 = Debug|iPhone
		{754A17A2-16C7-4003-BB44-680D17A6DA67}.Release|iPhone.ActiveCfg = Release|iPhone
		{754A17A2-16C7-4003-BB44-680D17A6DA67}.Release|iPhone.Build.0 = Release|iPhone
		{96775505-9AA7-4F54-8E42-04066395A36C}.Debug|Any CPU.ActiveCfg = Debug|Any CPU
		{96775505-9AA7-4F54-8E42-04066395A36C}.Debug|Any CPU.Build.0 = Debug|Any CPU
		{96775505-9AA7-4F54-8E42-04066395A36C}.Release|Any CPU.ActiveCfg = Release|Any CPU
		{96775505-9AA7-4F54-8E42-04066395A36C}.Release|Any CPU.Build.0 = Release|Any CPU
		{96775505-9AA7-4F54-8E42-04066395A36C}.Debug|iPhoneSimulator.ActiveCfg = Debug|Any CPU
		{96775505-9AA7-4F54-8E42-04066395A36C}.Debug|iPhoneSimulator.Build.0 = Debug|Any CPU
		{96775505-9AA7-4F54-8E42-04066395A36C}.Release|iPhoneSimulator.ActiveCfg = Release|Any CPU
		{96775505-9AA7-4F54-8E42-04066395A36C}.Release|iPhoneSimulator.Build.0 = Release|Any CPU
		{96775505-9AA7-4F54-8E42-04066395A36C}.Debug|iPhone.ActiveCfg = Debug|Any CPU
		{96775505-9AA7-4F54-8E42-04066395A36C}.Debug|iPhone.Build.0 = Debug|Any CPU
		{96775505-9AA7-4F54-8E42-04066395A36C}.Release|iPhone.ActiveCfg = Release|Any CPU
		{96775505-9AA7-4F54-8E42-04066395A36C}.Release|iPhone.Build.0 = Release|Any CPU
	EndGlobalSection
EndGlobal
